// !$*UTF8*$!
{
	archiveVersion = 1;
	classes = {
	};
	objectVersion = 46;
	objects = {

/* Begin PBXBuildFile section */
		13F30AB81E8424DF00F6C217 /* AppDelegate.swift in Sources */ = {isa = PBXBuildFile; fileRef = 13F30AB71E8424DF00F6C217 /* AppDelegate.swift */; };
		13F30ABA1E8424DF00F6C217 /* ViewController.swift in Sources */ = {isa = PBXBuildFile; fileRef = 13F30AB91E8424DF00F6C217 /* ViewController.swift */; };
		13F30ABD1E8424DF00F6C217 /* Main.storyboard in Resources */ = {isa = PBXBuildFile; fileRef = 13F30ABB1E8424DF00F6C217 /* Main.storyboard */; };
		13F30ABF1E8424DF00F6C217 /* Assets.xcassets in Resources */ = {isa = PBXBuildFile; fileRef = 13F30ABE1E8424DF00F6C217 /* Assets.xcassets */; };
		13F30AC21E8424DF00F6C217 /* LaunchScreen.storyboard in Resources */ = {isa = PBXBuildFile; fileRef = 13F30AC01E8424DF00F6C217 /* LaunchScreen.storyboard */; };
/* End PBXBuildFile section */

/* Begin PBXFileReference section */
		13F30AB41E8424DF00F6C217 /* LocalNotifications1_Demo_Inicio.app */ = {isa = PBXFileReference; explicitFileType = wrapper.application; includeInIndex = 0; path = LocalNotifications1_Demo_Inicio.app; sourceTree = BUILT_PRODUCTS_DIR; };
		13F30AB71E8424DF00F6C217 /* AppDelegate.swift */ = {isa = PBXFileReference; lastKnownFileType = sourcecode.swift; path = AppDelegate.swift; sourceTree = "<group>"; };
		13F30AB91E8424DF00F6C217 /* ViewController.swift */ = {isa = PBXFileReference; lastKnownFileType = sourcecode.swift; path = ViewController.swift; sourceTree = "<group>"; };
		13F30ABC1E8424DF00F6C217 /* Base */ = {isa = PBXFileReference; lastKnownFileType = file.storyboard; name = Base; path = Base.lproj/Main.storyboard; sourceTree = "<group>"; };
		13F30ABE1E8424DF00F6C217 /* Assets.xcassets */ = {isa = PBXFileReference; lastKnownFileType = folder.assetcatalog; path = Assets.xcassets; sourceTree = "<group>"; };
		13F30AC11E8424DF00F6C217 /* Base */ = {isa = PBXFileReference; lastKnownFileType = file.storyboard; name = Base; path = Base.lproj/LaunchScreen.storyboard; sourceTree = "<group>"; };
		13F30AC31E8424DF00F6C217 /* Info.plist */ = {isa = PBXFileReference; lastKnownFileType = text.plist.xml; path = Info.plist; sourceTree = "<group>"; };
/* End PBXFileReference section */

/* Begin PBXFrameworksBuildPhase section */
		13F30AB11E8424DE00F6C217 /* Frameworks */ = {
			isa = PBXFrameworksBuildPhase;
			buildActionMask = 2147483647;
			files = (
			);
			runOnlyForDeploymentPostprocessing = 0;
		};
/* End PBXFrameworksBuildPhase section */

/* Begin PBXGroup section */
		13F30AAB1E8424DE00F6C217 = {
			isa = PBXGroup;
			children = (
				13F30AB61E8424DF00F6C217 /* LocalNotifications1_Demo_Inicio */,
				13F30AB51E8424DF00F6C217 /* Products */,
			);
			sourceTree = "<group>";
		};
		13F30AB51E8424DF00F6C217 /* Products */ = {
			isa = PBXGroup;
			children = (
				13F30AB41E8424DF00F6C217 /* LocalNotifications1_Demo_Inicio.app */,
			);
			name = Products;
			sourceTree = "<group>";
		};
		13F30AB61E8424DF00F6C217 /* LocalNotifications1_Demo_Inicio */ = {
			isa = PBXGroup;
			children = (
				13F30AB71E8424DF00F6C217 /* AppDelegate.swift */,
				13F30AB91E8424DF00F6C217 /* ViewController.swift */,
				13F30ABB1E8424DF00F6C217 /* Main.storyboard */,
				13F30ABE1E8424DF00F6C217 /* Assets.xcassets */,
				13F30AC01E8424DF00F6C217 /* LaunchScreen.storyboard */,
				13F30AC31E8424DF00F6C217 /* Info.plist */,
			);
			path = LocalNotifications1_Demo_Inicio;
			sourceTree = "<group>";
		};
/* End PBXGroup section */

/* Begin PBXNativeTarget section */
		13F30AB31E8424DE00F6C217 /* LocalNotifications1_Demo_Inicio */ = {
			isa = PBXNativeTarget;
			buildConfigurationList = 13F30AC61E8424DF00F6C217 /* Build configuration list for PBXNativeTarget "LocalNotifications1_Demo_Inicio" */;
			buildPhases = (
				13F30AB01E8424DE00F6C217 /* Sources */,
				13F30AB11E8424DE00F6C217 /* Frameworks */,
				13F30AB21E8424DE00F6C217 /* Resources */,
			);
			buildRules = (
			);
			dependencies = (
			);
			name = LocalNotifications1_Demo_Inicio;
			productName = LocalNotifications1_Demo_Inicio;
			productReference = 13F30AB41E8424DF00F6C217 /* LocalNotifications1_Demo_Inicio.app */;
			productType = "com.apple.product-type.application";
		};
/* End PBXNativeTarget section */

/* Begin PBXProject section */
		13F30AAC1E8424DE00F6C217 /* Project object */ = {
			isa = PBXProject;
			attributes = {
				LastSwiftUpdateCheck = 0820;
				LastUpgradeCheck = 0820;
				ORGANIZATIONNAME = EfectoApple;
				TargetAttributes = {
					13F30AB31E8424DE00F6C217 = {
						CreatedOnToolsVersion = 8.2.1;
						ProvisioningStyle = Automatic;
					};
				};
			};
			buildConfigurationList = 13F30AAF1E8424DE00F6C217 /* Build configuration list for PBXProject "LocalNotifications1_Demo_Inicio" */;
			compatibilityVersion = "Xcode 3.2";
			developmentRegion = English;
			hasScannedForEncodings = 0;
			knownRegions = (
				en,
				Base,
			);
			mainGroup = 13F30AAB1E8424DE00F6C217;
			productRefGroup = 13F30AB51E8424DF00F6C217 /* Products */;
			projectDirPath = "";
			projectRoot = "";
			targets = (
				13F30AB31E8424DE00F6C217 /* LocalNotifications1_Demo_Inicio */,
			);
		};
/* End PBXProject section */

/* Begin PBXResourcesBuildPhase section */
		13F30AB21E8424DE00F6C217 /* Resources */ = {
			isa = PBXResourcesBuildPhase;
			buildActionMask = 2147483647;
			files = (
				13F30AC21E8424DF00F6C217 /* LaunchScreen.storyboard in Resources */,
				13F30ABF1E8424DF00F6C217 /* Assets.xcassets in Resources */,
				13F30ABD1E8424DF00F6C217 /* Main.storyboard in Resources */,
			);
			runOnlyForDeploymentPostprocessing = 0;
		};
/* End PBXResourcesBuildPhase section */

/* Begin PBXSourcesBuildPhase section */
		13F30AB01E8424DE00F6C217 /* Sources */ = {
			isa = PBXSourcesBuildPhase;
			buildActionMask = 2147483647;
			files = (
				13F30ABA1E8424DF00F6C217 /* ViewController.swift in Sources */,
				13F30AB81E8424DF00F6C217 /* AppDelegate.swift in Sources */,
			);
			runOnlyForDeploymentPostprocessing = 0;
		};
/* End PBXSourcesBuildPhase section */

/* Begin PBXVariantGroup section */
		13F30ABB1E8424DF00F6C217 /* Main.storyboard */ = {
			isa = PBXVariantGroup;
			children = (
				13F30ABC1E8424DF00F6C217 /* Base */,
			);
			name = Main.storyboard;
			sourceTree = "<group>";
		};
		13F30AC01E8424DF00F6C217 /* LaunchScreen.storyboard */ = {
			isa = PBXVariantGroup;
			children = (
				13F30AC11E8424DF00F6C217 /* Base */,
			);
			name = LaunchScreen.storyboard;
			sourceTree = "<group>";
		};
/* End PBXVariantGroup section */

/* Begin XCBuildConfiguration section */
		13F30AC41E8424DF00F6C217 /* Debug */ = {
			isa = XCBuildConfiguration;
			buildSettings = {
				ALWAYS_SEARCH_USER_PATHS = NO;
				CLANG_ANALYZER_NONNULL = YES;
				CLANG_CXX_LANGUAGE_STANDARD = "gnu++0x";
				CLANG_CXX_LIBRARY = "libc++";
				CLANG_ENABLE_MODULES = YES;
				CLANG_ENABLE_OBJC_ARC = YES;
				CLANG_WARN_BOOL_CONVERSION = YES;
				CLANG_WARN_CONSTANT_CONVERSION = YES;
				CLANG_WARN_DIRECT_OBJC_ISA_USAGE = YES_ERROR;
				CLANG_WARN_DOCUMENTATION_COMMENTS = YES;
				CLANG_WARN_EMPTY_BODY = YES;
				CLANG_WARN_ENUM_CONVERSION = YES;
				CLANG_WARN_INFINITE_RECURSION = YES;
				CLANG_WARN_INT_CONVERSION = YES;
				CLANG_WARN_OBJC_ROOT_CLASS = YES_ERROR;
				CLANG_WARN_SUSPICIOUS_MOVE = YES;
				CLANG_WARN_UNREACHABLE_CODE = YES;
				CLANG_WARN__DUPLICATE_METHOD_MATCH = YES;
				"CODE_SIGN_IDENTITY[sdk=iphoneos*]" = "iPhone Developer";
				COPY_PHASE_STRIP = NO;
				DEBUG_INFORMATION_FORMAT = dwarf;
				ENABLE_STRICT_OBJC_MSGSEND = YES;
				ENABLE_TESTABILITY = YES;
				GCC_C_LANGUAGE_STANDARD = gnu99;
				GCC_DYNAMIC_NO_PIC = NO;
				GCC_NO_COMMON_BLOCKS = YES;
				GCC_OPTIMIZATION_LEVEL = 0;
				GCC_PREPROCESSOR_DEFINITIONS = (
					"DEBUG=1",
					"$(inherited)",
				);
				GCC_WARN_64_TO_32_BIT_CONVERSION = YES;
				GCC_WARN_ABOUT_RETURN_TYPE = YES_ERROR;
				GCC_WARN_UNDECLARED_SELECTOR = YES;
				GCC_WARN_UNINITIALIZED_AUTOS = YES_AGGRESSIVE;
				GCC_WARN_UNUSED_FUNCTION = YES;
				GCC_WARN_UNUSED_VARIABLE = YES;
				IPHONEOS_DEPLOYMENT_TARGET = 10.2;
				MTL_ENABLE_DEBUG_INFO = YES;
				ONLY_ACTIVE_ARCH = YES;
				SDKROOT = iphoneos;
				SWIFT_ACTIVE_COMPILATION_CONDITIONS = DEBUG;
				SWIFT_OPTIMIZATION_LEVEL = "-Onone";
			};
			name = Debug;
		};
		13F30AC51E8424DF00F6C217 /* Release */ = {
			isa = XCBuildConfiguration;
			buildSettings = {
				ALWAYS_SEARCH_USER_PATHS = NO;
				CLANG_ANALYZER_NONNULL = YES;
				CLANG_CXX_LANGUAGE_STANDARD = "gnu++0x";
				CLANG_CXX_LIBRARY = "libc++";
				CLANG_ENABLE_MODULES = YES;
				CLANG_ENABLE_OBJC_ARC = YES;
				CLANG_WARN_BOOL_CONVERSION = YES;
				CLANG_WARN_CONSTANT_CONVERSION = YES;
				CLANG_WARN_DIRECT_OBJC_ISA_USAGE = YES_ERROR;
				CLANG_WARN_DOCUMENTATION_COMMENTS = YES;
				CLANG_WARN_EMPTY_BODY = YES;
				CLANG_WARN_ENUM_CONVERSION = YES;
				CLANG_WARN_INFINITE_RECURSION = YES;
				CLANG_WARN_INT_CONVERSION = YES;
				CLANG_WARN_OBJC_ROOT_CLASS = YES_ERROR;
				CLANG_WARN_SUSPICIOUS_MOVE = YES;
				CLANG_WARN_UNREACHABLE_CODE = YES;
				CLANG_WARN__DUPLICATE_METHOD_MATCH = YES;
				"CODE_SIGN_IDENTITY[sdk=iphoneos*]" = "iPhone Developer";
				COPY_PHASE_STRIP = NO;
				DEBUG_INFORMATION_FORMAT = "dwarf-with-dsym";
				ENABLE_NS_ASSERTIONS = NO;
				ENABLE_STRICT_OBJC_MSGSEND = YES;
				GCC_C_LANGUAGE_STANDARD = gnu99;
				GCC_NO_COMMON_BLOCKS = YES;
				GCC_WARN_64_TO_32_BIT_CONVERSION = YES;
				GCC_WARN_ABOUT_RETURN_TYPE = YES_ERROR;
				GCC_WARN_UNDECLARED_SELECTOR = YES;
				GCC_WARN_UNINITIALIZED_AUTOS = YES_AGGRESSIVE;
				GCC_WARN_UNUSED_FUNCTION = YES;
				GCC_WARN_UNUSED_VARIABLE = YES;
				IPHONEOS_DEPLOYMENT_TARGET = 10.2;
				MTL_ENABLE_DEBUG_INFO = NO;
				SDKROOT = iphoneos;
				SWIFT_OPTIMIZATION_LEVEL = "-Owholemodule";
				VALIDATE_PRODUCT = YES;
			};
			name = Release;
		};
		13F30AC71E8424DF00F6C217 /* Debug */ = {
			isa = XCBuildConfiguration;
			buildSettings = {
				ASSETCATALOG_COMPILER_APPICON_NAME = AppIcon;
				INFOPLIST_FILE = LocalNotifications1_Demo_Inicio/Info.plist;
				LD_RUNPATH_SEARCH_PATHS = "$(inherited) @executable_path/Frameworks";
				PRODUCT_BUNDLE_IDENTIFIER = "com.efectoapple.LocalNotifications1-Demo-Inicio";
				PRODUCT_NAME = "$(TARGET_NAME)";
				SWIFT_VERSION = 3.0;
			};
			name = Debug;
		};
		13F30AC81E8424DF00F6C217 /* Release */ = {
			isa = XCBuildConfiguration;
			buildSettings = {
				ASSETCATALOG_COMPILER_APPICON_NAME = AppIcon;
				INFOPLIST_FILE = LocalNotifications1_Demo_Inicio/Info.plist;
				LD_RUNPATH_SEARCH_PATHS = "$(inherited) @executable_path/Frameworks";
				PRODUCT_BUNDLE_IDENTIFIER = "com.efectoapple.LocalNotifications1-Demo-Inicio";
				PRODUCT_NAME = "$(TARGET_NAME)";
				SWIFT_VERSION = 3.0;
			};
			name = Release;
		};
/* End XCBuildConfiguration section */

/* Begin XCConfigurationList section */
		13F30AAF1E8424DE00F6C217 /* Build configuration list for PBXProject "LocalNotifications1_Demo_Inicio" */ = {
			isa = XCConfigurationList;
			buildConfigurations = (
				13F30AC41E8424DF00F6C217 /* Debug */,
				13F30AC51E8424DF00F6C217 /* Release */,
			);
			defaultConfigurationIsVisible = 0;
			defaultConfigurationName = Release;
		};
		13F30AC61E8424DF00F6C217 /* Build configuration list for PBXNativeTarget "LocalNotifications1_Demo_Inicio" */ = {
			isa = XCConfigurationList;
			buildConfigurations = (
				13F30AC71E8424DF00F6C217 /* Debug */,
				13F30AC81E8424DF00F6C217 /* Release */,
			);
			defaultConfigurationIsVisible = 0;
		};
/* End XCConfigurationList section */
	};
	rootObject = 13F30AAC1E8424DE00F6C217 /* Project object */;
}
